{
  "name": "importarexcel",
  "version": "1.0.0",
  "lockfileVersion": 2,
  "requires": true,
  "packages": {
    "": {
      "name": "importarexcel",
      "version": "1.0.0",
      "license": "ISC",
      "dependencies": {
        "tabulator-tables": "^5.4.4",
        "vanilla-datatables": "^1.6.16"
      }
    },
    "node_modules/tabulator-tables": {
      "version": "5.4.4",
      "resolved": "https://registry.npmjs.org/tabulator-tables/-/tabulator-tables-5.4.4.tgz",
      "integrity": "sha512-WqPWLRwrD8UMISUjQqZyj6y9k3ajQBs7eJtRosbt9q8RRkZlYCJYGxLt3L44jEXaQCE5q5EJFbGeDUEDJa1a3w=="
    },
    "node_modules/vanilla-datatables": {
      "version": "1.6.16",
      "resolved": "https://registry.npmjs.org/vanilla-datatables/-/vanilla-datatables-1.6.16.tgz",
      "integrity": "sha512-XgxfNpHg+vN5icXd2wvaasG1uq4cTECNo5WU9QULlFV4EpGuSMMGKY6b8lq4QSWL1Zq4+g17e5X0fWmKwopWkw=="
    }
  },
  "dependencies": {
    "tabulator-tables": {
      "version": "5.4.4",
      "resolved": "https://registry.npmjs.org/tabulator-tables/-/tabulator-tables-5.4.4.tgz",
      "integrity": "sha512-WqPWLRwrD8UMISUjQqZyj6y9k3ajQBs7eJtRosbt9q8RRkZlYCJYGxLt3L44jEXaQCE5q5EJFbGeDUEDJa1a3w=="
    },
    "vanilla-datatables": {
      "version": "1.6.16",
      "resolved": "https://registry.npmjs.org/vanilla-datatables/-/vanilla-datatables-1.6.16.tgz",
      "integrity": "sha512-XgxfNpHg+vN5icXd2wvaasG1uq4cTECNo5WU9QULlFV4EpGuSMMGKY6b8lq4QSWL1Zq4+g17e5X0fWmKwopWkw=="
    }
  }
}
